
Microsoft Visual Studio Solution File, Format Version 12.00
# Visual Studio Version 17
VisualStudioVersion = 17.7.34018.315
MinimumVisualStudioVersion = 10.0.40219.1
Project("{9A19103F-16F7-4668-BE54-9A1E7A4F7556}") = "ShopAPP", "ShopAPP\ShopAPP.csproj", "{E0322D17-D084-4DC9-BF3F-6E6D3917C674}"
EndProject
Project("{9A19103F-16F7-4668-BE54-9A1E7A4F7556}") = "ShopAPP.Models.Layer", "ShopAPP.Models.Layer\ShopAPP.Models.Layer.csproj", "{71FDED42-9898-431E-A545-64B0EBE3F26E}"
EndProject
Project("{9A19103F-16F7-4668-BE54-9A1E7A4F7556}") = "ShopAPP.Repository.Layer", "ShopAPP.Repository.Layer\ShopAPP.Repository.Layer.csproj", "{48BD0109-881B-4737-9C17-15230FEF0603}"
EndProject
Project("{FAE04EC0-301F-11D3-BF4B-00C04F79EFBC}") = "ShopAPP.Service.Layer", "ShopAPP.Service.Layer\ShopAPP.Service.Layer.csproj", "{D02F08CA-152C-4F6A-86B6-DF8F7EFAA9B0}"
EndProject
Global
	GlobalSection(SolutionConfigurationPlatforms) = preSolution
		Debug|Any CPU = Debug|Any CPU
		Release|Any CPU = Release|Any CPU
	EndGlobalSection
	GlobalSection(ProjectConfigurationPlatforms) = postSolution
		{E0322D17-D084-4DC9-BF3F-6E6D3917C674}.Debug|Any CPU.ActiveCfg = Debug|Any CPU
		{E0322D17-D084-4DC9-BF3F-6E6D3917C674}.Debug|Any CPU.Build.0 = Debug|Any CPU
		{E0322D17-D084-4DC9-BF3F-6E6D3917C674}.Release|Any CPU.ActiveCfg = Release|Any CPU
		{E0322D17-D084-4DC9-BF3F-6E6D3917C674}.Release|Any CPU.Build.0 = Release|Any CPU
		{71FDED42-9898-431E-A545-64B0EBE3F26E}.Debug|Any CPU.ActiveCfg = Debug|Any CPU
		{71FDED42-9898-431E-A545-64B0EBE3F26E}.Debug|Any CPU.Build.0 = Debug|Any CPU
		{71FDED42-9898-431E-A545-64B0EBE3F26E}.Release|Any CPU.ActiveCfg = Release|Any CPU
		{71FDED42-9898-431E-A545-64B0EBE3F26E}.Release|Any CPU.Build.0 = Release|Any CPU
		{48BD0109-881B-4737-9C17-15230FEF0603}.Debug|Any CPU.ActiveCfg = Debug|Any CPU
		{48BD0109-881B-4737-9C17-15230FEF0603}.Debug|Any CPU.Build.0 = Debug|Any CPU
		{48BD0109-881B-4737-9C17-15230FEF0603}.Release|Any CPU.ActiveCfg = Release|Any CPU
		{48BD0109-881B-4737-9C17-15230FEF0603}.Release|Any CPU.Build.0 = Release|Any CPU
		{D02F08CA-152C-4F6A-86B6-DF8F7EFAA9B0}.Debug|Any CPU.ActiveCfg = Debug|Any CPU
		{D02F08CA-152C-4F6A-86B6-DF8F7EFAA9B0}.Debug|Any CPU.Build.0 = Debug|Any CPU
		{D02F08CA-152C-4F6A-86B6-DF8F7EFAA9B0}.Release|Any CPU.ActiveCfg = Release|Any CPU
		{D02F08CA-152C-4F6A-86B6-DF8F7EFAA9B0}.Release|Any CPU.Build.0 = Release|Any CPU
	EndGlobalSection
	GlobalSection(SolutionProperties) = preSolution
		HideSolutionNode = FALSE
	EndGlobalSection
	GlobalSection(ExtensibilityGlobals) = postSolution
		SolutionGuid = {DD45648F-F063-4032-B712-4F837029C101}
	EndGlobalSection
EndGlobal
